# THIS IS AN AUTOGENERATED FILE. DO NOT EDIT THIS FILE DIRECTLY.
# yarn lockfile v1


prettier@2.8.8:
  version "2.8.8"
  resolved "https://registry.yarnpkg.com/prettier/-/prettier-2.8.8.tgz#e8c5d7e98a4305ffe3de2e1fc4aca1a71c28b1da"
  integrity sha512-tdN8qQGvNjw4CHbY+XXk0JgCXn9QiF21a55rBe5LJAU+kDyC4WQn4+awm2Xfk2lQMk5fKup9XgzTZtGkjBdP9Q==

react-native-sse@^1.1.0:
  version "1.1.0"
  resolved "https://registry.yarnpkg.com/react-native-sse/-/react-native-sse-1.1.0.tgz#28c419f58a49d32f7f625f5862c467b3d7ac3598"
  integrity sha512-qPhZwuVg7ry0Cw8Q2+0VH90on223obZcfB5a/2ktoD3951zWx7HXAtrqQtDfLGjv7ncSJoswd+efn2k0uoR5lw==
